
Microsoft Visual Studio Solution File, Format Version 12.00
Project("{FAE04EC0-301F-11D3-BF4B-00C04F79EFBC}") = "CloudServer", "CloudServer\CloudServer.csproj", "{0123EF78-B2D1-41B8-83E0-12712D72828C}"
EndProject
Global
	GlobalSection(SolutionConfigurationPlatforms) = preSolution
		Debug|Any CPU = Debug|Any CPU
		Release|Any CPU = Release|Any CPU
	EndGlobalSection
	GlobalSection(ProjectConfigurationPlatforms) = postSolution
		{0123EF78-B2D1-41B8-83E0-12712D72828C}.Debug|Any CPU.ActiveCfg = Debug|Any CPU
		{0123EF78-B2D1-41B8-83E0-12712D72828C}.Debug|Any CPU.Build.0 = Debug|Any CPU
		{0123EF78-B2D1-41B8-83E0-12712D72828C}.Release|Any CPU.ActiveCfg = Release|Any CPU
		{0123EF78-B2D1-41B8-83E0-12712D72828C}.Release|Any CPU.Build.0 = Release|Any CPU
	EndGlobalSection
EndGlobal
